
Microsoft Visual Studio Solution File, Format Version 12.00
# Visual Studio Version 17
VisualStudioVersion = 17.12.35728.132
MinimumVisualStudioVersion = 10.0.40219.1
Project("{2150E333-8FDC-42A3-9474-1A3956D46DE8}") = "src", "src", "{F349E62C-B67F-4DB0-B11E-0DBFB31B76AF}"
EndProject
Project("{2150E333-8FDC-42A3-9474-1A3956D46DE8}") = "tests", "tests", "{082894D1-C87D-40FC-A1FA-D1F4510B037D}"
EndProject
Project("{FAE04EC0-301F-11D3-BF4B-00C04F79EFBC}") = "App", "src\App\App.csproj", "{5F45EDF0-300C-426E-9724-AEDF34E33091}"
EndProject
Project("{FAE04EC0-301F-11D3-BF4B-00C04F79EFBC}") = "Solver", "src\Solver\Solver.csproj", "{1BBBF42A-ADA0-4610-A487-A7A2D7F4B499}"
EndProject
Project("{FAE04EC0-301F-11D3-BF4B-00C04F79EFBC}") = "Solver.Tests", "tests\Solver.Tests\Solver.Tests.csproj", "{051E89D4-22E6-4BF1-BD9A-2312A1657A70}"
EndProject
Project("{FAE04EC0-301F-11D3-BF4B-00C04F79EFBC}") = "GeneradorInstancia.Tests", "tests\GeneradorInstancias.Tests\GeneradorInstancia.Tests.csproj", "{837E5B7A-73D3-4D84-9AA4-B48C6816ED32}"
EndProject
Project("{FAE04EC0-301F-11D3-BF4B-00C04F79EFBC}") = "Common", "src\Common\Common.csproj", "{A4108B91-8B42-4F30-8334-3A98406DCC91}"
EndProject
Project("{FAE04EC0-301F-11D3-BF4B-00C04F79EFBC}") = "Common.Tests", "tests\Common.Tests\Common.Tests.csproj", "{A5497919-4EE4-457C-BA58-E2325E0EF368}"
EndProject
Project("{FAE04EC0-301F-11D3-BF4B-00C04F79EFBC}") = "App.Tests", "tests\App.Tests\App.Tests.csproj", "{4C0D3D3F-972E-4791-826F-5E48FC140970}"
EndProject
Project("{FAE04EC0-301F-11D3-BF4B-00C04F79EFBC}") = "Generator", "src\Generator\Generator.csproj", "{054B4234-FC52-4AFB-A5B2-9688B4F2A075}"
EndProject
Global
	GlobalSection(SolutionConfigurationPlatforms) = preSolution
		Debug|Any CPU = Debug|Any CPU
		Release|Any CPU = Release|Any CPU
	EndGlobalSection
	GlobalSection(ProjectConfigurationPlatforms) = postSolution
		{5F45EDF0-300C-426E-9724-AEDF34E33091}.Debug|Any CPU.ActiveCfg = Debug|Any CPU
		{5F45EDF0-300C-426E-9724-AEDF34E33091}.Debug|Any CPU.Build.0 = Debug|Any CPU
		{5F45EDF0-300C-426E-9724-AEDF34E33091}.Release|Any CPU.ActiveCfg = Release|Any CPU
		{5F45EDF0-300C-426E-9724-AEDF34E33091}.Release|Any CPU.Build.0 = Release|Any CPU
		{1BBBF42A-ADA0-4610-A487-A7A2D7F4B499}.Debug|Any CPU.ActiveCfg = Debug|Any CPU
		{1BBBF42A-ADA0-4610-A487-A7A2D7F4B499}.Debug|Any CPU.Build.0 = Debug|Any CPU
		{1BBBF42A-ADA0-4610-A487-A7A2D7F4B499}.Release|Any CPU.ActiveCfg = Release|Any CPU
		{1BBBF42A-ADA0-4610-A487-A7A2D7F4B499}.Release|Any CPU.Build.0 = Release|Any CPU
		{051E89D4-22E6-4BF1-BD9A-2312A1657A70}.Debug|Any CPU.ActiveCfg = Debug|Any CPU
		{051E89D4-22E6-4BF1-BD9A-2312A1657A70}.Debug|Any CPU.Build.0 = Debug|Any CPU
		{051E89D4-22E6-4BF1-BD9A-2312A1657A70}.Release|Any CPU.ActiveCfg = Release|Any CPU
		{837E5B7A-73D3-4D84-9AA4-B48C6816ED32}.Debug|Any CPU.ActiveCfg = Debug|Any CPU
		{837E5B7A-73D3-4D84-9AA4-B48C6816ED32}.Debug|Any CPU.Build.0 = Debug|Any CPU
		{837E5B7A-73D3-4D84-9AA4-B48C6816ED32}.Release|Any CPU.ActiveCfg = Release|Any CPU
		{837E5B7A-73D3-4D84-9AA4-B48C6816ED32}.Release|Any CPU.Build.0 = Release|Any CPU
		{A4108B91-8B42-4F30-8334-3A98406DCC91}.Debug|Any CPU.ActiveCfg = Debug|Any CPU
		{A4108B91-8B42-4F30-8334-3A98406DCC91}.Debug|Any CPU.Build.0 = Debug|Any CPU
		{A4108B91-8B42-4F30-8334-3A98406DCC91}.Release|Any CPU.ActiveCfg = Release|Any CPU
		{A4108B91-8B42-4F30-8334-3A98406DCC91}.Release|Any CPU.Build.0 = Release|Any CPU
		{A5497919-4EE4-457C-BA58-E2325E0EF368}.Debug|Any CPU.ActiveCfg = Debug|Any CPU
		{A5497919-4EE4-457C-BA58-E2325E0EF368}.Debug|Any CPU.Build.0 = Debug|Any CPU
		{A5497919-4EE4-457C-BA58-E2325E0EF368}.Release|Any CPU.ActiveCfg = Release|Any CPU
		{4C0D3D3F-972E-4791-826F-5E48FC140970}.Debug|Any CPU.ActiveCfg = Debug|Any CPU
		{4C0D3D3F-972E-4791-826F-5E48FC140970}.Debug|Any CPU.Build.0 = Debug|Any CPU
		{4C0D3D3F-972E-4791-826F-5E48FC140970}.Release|Any CPU.ActiveCfg = Release|Any CPU
		{054B4234-FC52-4AFB-A5B2-9688B4F2A075}.Debug|Any CPU.ActiveCfg = Debug|Any CPU
		{054B4234-FC52-4AFB-A5B2-9688B4F2A075}.Debug|Any CPU.Build.0 = Debug|Any CPU
		{054B4234-FC52-4AFB-A5B2-9688B4F2A075}.Release|Any CPU.ActiveCfg = Release|Any CPU
		{054B4234-FC52-4AFB-A5B2-9688B4F2A075}.Release|Any CPU.Build.0 = Release|Any CPU
	EndGlobalSection
	GlobalSection(SolutionProperties) = preSolution
		HideSolutionNode = FALSE
	EndGlobalSection
	GlobalSection(NestedProjects) = preSolution
		{5F45EDF0-300C-426E-9724-AEDF34E33091} = {F349E62C-B67F-4DB0-B11E-0DBFB31B76AF}
		{1BBBF42A-ADA0-4610-A487-A7A2D7F4B499} = {F349E62C-B67F-4DB0-B11E-0DBFB31B76AF}
		{051E89D4-22E6-4BF1-BD9A-2312A1657A70} = {082894D1-C87D-40FC-A1FA-D1F4510B037D}
		{837E5B7A-73D3-4D84-9AA4-B48C6816ED32} = {082894D1-C87D-40FC-A1FA-D1F4510B037D}
		{A4108B91-8B42-4F30-8334-3A98406DCC91} = {F349E62C-B67F-4DB0-B11E-0DBFB31B76AF}
		{A5497919-4EE4-457C-BA58-E2325E0EF368} = {082894D1-C87D-40FC-A1FA-D1F4510B037D}
		{4C0D3D3F-972E-4791-826F-5E48FC140970} = {082894D1-C87D-40FC-A1FA-D1F4510B037D}
		{054B4234-FC52-4AFB-A5B2-9688B4F2A075} = {F349E62C-B67F-4DB0-B11E-0DBFB31B76AF}
	EndGlobalSection
EndGlobal
